{
  "version": "5",
  "specifiers": {
    "jsr:@std/path@1.0.6": "1.0.6",
    "jsr:@std/yaml@^1.0.3": "1.0.9"
  },
  "jsr": {
    "@std/path@1.0.6": {
      "integrity": "ab2c55f902b380cf28e0eec501b4906e4c1960d13f00e11cfbcd21de15f18fed"
    },
    "@std/yaml@1.0.9": {
      "integrity": "6bad3dc766dd85b4b37eabcba81b6aa4eac7a392792ae29abcfb0f90602d55bb"
    }
  }
}
